
Microsoft Visual Studio Solution File, Format Version 12.00
# Visual Studio Version 17
VisualStudioVersion = 17.14.36518.9
MinimumVisualStudioVersion = 10.0.40219.1
Project("{FAE04EC0-301F-11D3-BF4B-00C04F79EFBC}") = "MedOrg", "MedOrg\MedOrg.csproj", "{527DBFC3-878E-480F-8123-6FBCD62452D5}"
EndProject
Global
	GlobalSection(SolutionConfigurationPlatforms) = preSolution
		Debug|Any CPU = Debug|Any CPU
		Release|Any CPU = Release|Any CPU
	EndGlobalSection
	GlobalSection(ProjectConfigurationPlatforms) = postSolution
		{527DBFC3-878E-480F-8123-6FBCD62452D5}.Debug|Any CPU.ActiveCfg = Debug|Any CPU
		{527DBFC3-878E-480F-8123-6FBCD62452D5}.Debug|Any CPU.Build.0 = Debug|Any CPU
		{527DBFC3-878E-480F-8123-6FBCD62452D5}.Release|Any CPU.ActiveCfg = Release|Any CPU
		{527DBFC3-878E-480F-8123-6FBCD62452D5}.Release|Any CPU.Build.0 = Release|Any CPU
	EndGlobalSection
	GlobalSection(SolutionProperties) = preSolution
		HideSolutionNode = FALSE
	EndGlobalSection
	GlobalSection(ExtensibilityGlobals) = postSolution
		SolutionGuid = {9A438184-E0DC-4A68-A77F-11DE2A6142A9}
	EndGlobalSection
EndGlobal
